install_repository_dependencies: true
install_resolver_dependencies: true
install_tool_dependencies: false
tools:
- name: sra_tools
  owner: iuc
  revisions:
  - 653e89d73fc4
  - e08a7ad4378b
  tool_panel_section_label: Get Data
- name: fastqc
  owner: devteam
  revisions:
  - e7b2202befea
  tool_panel_section_label: FASTQ Quality Control
- name: prinseq
  owner: iuc
  revisions:
  - 02befcb391f5
  tool_panel_section_label: FASTQ Quality Control
- name: trim_galore
  owner: bgruening
  revisions:
  - 084bbd8ba7b8
  tool_panel_section_label: FASTA/FASTQ
- name: trimmomatic
  owner: pjbriggs
  revisions:
  - d94aff5ee623
  tool_panel_section_label: FASTA/FASTQ
- name: multiqc
  owner: iuc
  revisions:
  - 75c93c70d094
  - f7985e0479b9
  tool_panel_section_label: FASTQ Quality Control
- name: megahit
  owner: iuc
  revisions:
  - 7518ee87b53d
  tool_panel_section_label: Assembly
- name: metaspades
  owner: nml
  revisions:
  - 05c394313b1c
  tool_panel_section_label: Assembly
- name: quast
  owner: iuc
  revisions:
  - ebb0dcdb621a
  tool_panel_section_label: Assembly
- name: taxonomy_krona_chart
  owner: crs4
  revisions:
  - e9005d1f3cfd
  tool_panel_section_label: Graph/Display Data
- name: flye
  owner: bgruening
  revisions: []
  tool_panel_section_label: Assembly
- name: staramr
  owner: nml
  revisions:
  - 4b9a8031ab74
  tool_panel_section_label: Metagenomic Analysis
- name: tbl2gff3
  owner: iuc
  revisions:
  - 4a7f4b0cc0a3
  tool_panel_section_label: Annotation
- name: bedtools
  owner: iuc
  revisions:
  - 0a5c785ac6db
  - ce3c7f062223
  tool_panel_section_label: BED
- name: text_processing
  owner: bgruening
  revisions:
  - ddf54b12c295
  tool_panel_section_label: Text Manipulation
- name: column_maker
  owner: devteam
  revisions:
  - 9cd341095afd
  tool_panel_section_label: Text Manipulation
- name: split_file_on_column
  owner: bgruening
  revisions:
  - b60f2452580e
  tool_panel_section_label: Text Manipulation
- name: circos
  owner: iuc
  revisions:
  - df7356989ac1
  tool_panel_section_label: Graph/Display Data
- name: chewbbaca
  owner: iss
  revisions: []
  tool_panel_section_label: Variant Calling
- name: shovill
  owner: iuc
  revisions: []
  tool_panel_section_label: Assembly
- name: bandage
  owner: iuc
  revisions: []
  tool_panel_section_label: Assembly
- name: prokka
  owner: crs4
  revisions: []
  tool_panel_section_label: Annotation
- name: bowtie2
  owner: devteam
  revisions: []
  tool_panel_section_label: Mapping
- name: jbrowse
  owner: iuc
  revisions: []
  tool_panel_section_label: Graph/Display Data
- name: nanoplot
  owner: iuc
  revisions: []
  tool_panel_section_label: FASTQ Quality Control
- name: filtlong
  owner: iuc
  revisions: []
  tool_panel_section_label: FASTA/FASTQ
- name: unicycler
  owner: iuc
  revisions: []
  tool_panel_section_label: Assembly
- name: fastq_quality_filter
  owner: devteam
  revisions: []
  tool_panel_section_label: FASTA/FASTQ
- name: kraken2
  owner: iuc
  revisions: []
  tool_panel_section_label: NCBI Blast
- name: kraken2tax
  owner: devteam
  revisions: []
  tool_panel_section_label: NCBI Blast
- name: taxonomy_krona_chart
  owner: crs4
  revisions:
  - e9005d1f3cfd
  tool_panel_section_label: Graph/Display Data
- name: minimap2
  owner: iuc
  revisions: []
  tool_panel_section_label: Mapping
- name: miniasm
  owner: iuc
  revisions: []
  tool_panel_section_label: Assembly
- name: abricate
  owner: iuc
  revisions: []
  tool_panel_section_label: Annotation
- name: porechop
  owner: iuc
  revisions: []
  tool_panel_section_label: Nanopore
- name: racon
  owner: bgruening
  revisions: []
  tool_panel_section_label: Assembly
- name: gfa_to_fa
  owner: iuc
  revisions: []
  tool_panel_section_label: Convert Formats
- name: canu
  owner: bgruening
  revisions: []
  tool_panel_section_label: Assembly
- name: snpeff
  owner: iuc
  revisions: []
  tool_panel_section_label: Variant Calling
- name: ngsaligners
  owner: subazini
  revisions: []
  tool_panel_section_label: Mapping
- name: busco
  owner: iuc
  revisions: []
  tool_panel_section_label: Annotation
- name: augustus
  owner: bgruening
  revisions: []
  tool_panel_section_label: Annotation
- name: cutadapt
  owner: lparsons
  revisions: []
  tool_panel_section_label: FASTA/FASTQ
- name: fastp
  owner: iuc
  revisions: []
  tool_panel_section_label: FASTA/FASTQ
- name: shasta
  owner: iuc
  revisions: []
  tool_panel_section_label: Assembly
- name: suite_trycycler
  owner: iuc
  revisions: []
  tool_panel_section_label: Assembly
- name: orthofinder_onlygroups
  owner: iuc
  revisions: []
  tool_panel_section_label: Multiple Alignments
- name: progressivemauve
  owner: iuc
  revisions: []
  tool_panel_section_label: Multiple Alignments
- name: medaka_consensus
  owner: iuc
  revisions: []
  tool_panel_section_label: Assembly
- name: raven
  owner: iuc
  revisions: []
  tool_panel_section_label: Assembly
- name: suite_medaka
  owner: iuc
  revisions: []
  tool_panel_section_label: Nanopore
- name: suite_nanopolish
  owner: bgruening
  revisions: []
  tool_panel_section_label: Nanopore
- name: hmmer_hmmscan
  owner: iuc
  revisions: []
  tool_panel_section_label: Annotation
- name: raxml
  owner: iuc
  revisions: []
  tool_panel_section_label: Phylogenetics
- name: mrbayes
  owner: nml
  revisions: []
  tool_panel_section_label: Phylogenetics
- name: package_raxml_8_2_4
  owner: iuc
  revisions: []
  tool_panel_section_label: Phylogenetics
- name: kma
  owner: iuc
  revisions: []
  tool_panel_section_label: Mapping
- name: muscle
  owner: iuc
  revisions: []
  tool_panel_section_label: Multiple Alignments
- name: clustalw
  owner: devteam
  revisions: []
  tool_panel_section_label: Multiple Alignments
- name: phyml
  owner: iuc
  revisions: []
  tool_panel_section_label: Phylogenetics
- name: fastq_stats
  owner: devteam
  revisions: []
  tool_panel_section_label: FASTQ Quality Control
- name: mummer_mummer
  owner: iuc
  revisions: []
  tool_panel_section_label: Multiple Alignments
- name: proteinortho
  owner: iuc
  revisions: []
  tool_panel_section_label: Proteomics
- name: proteinortho_summary
  owner: iuc
  revisions: []
  tool_panel_section_label: Proteomics
- name: diamond
  owner: bgruening
  revisions: []
  tool_panel_section_label: NCBI Blast
- name: kobas
  owner: iuc
  revisions: []
  tool_panel_section_label: Annotation
- name: centrifuge
  owner: jvolkening
  revisions: []
  tool_panel_section_label: NCBI Blast
